// !$*UTF8*$!
{
	archiveVersion = 1;
	classes = {
	};
	objectVersion = 46;
	objects = {

/* Begin PBXBuildFile section */
		AE57CFFC1A6239FD003A2EB6 /* AppDelegate.swift in Sources */ = {isa = PBXBuildFile; fileRef = AE57CFFB1A6239FD003A2EB6 /* AppDelegate.swift */; };
		AE57CFFF1A6239FD003A2EB6 /* robo.xcdatamodeld in Sources */ = {isa = PBXBuildFile; fileRef = AE57CFFD1A6239FD003A2EB6 /* robo.xcdatamodeld */; };
		AE57D0011A6239FD003A2EB6 /* MasterViewController.swift in Sources */ = {isa = PBXBuildFile; fileRef = AE57D0001A6239FD003A2EB6 /* MasterViewController.swift */; };
		AE57D0031A6239FD003A2EB6 /* DetailViewController.swift in Sources */ = {isa = PBXBuildFile; fileRef = AE57D0021A6239FD003A2EB6 /* DetailViewController.swift */; };
		AE57D0061A6239FD003A2EB6 /* Main.storyboard in Resources */ = {isa = PBXBuildFile; fileRef = AE57D0041A6239FD003A2EB6 /* Main.storyboard */; };
		AE57D0081A6239FD003A2EB6 /* Images.xcassets in Resources */ = {isa = PBXBuildFile; fileRef = AE57D0071A6239FD003A2EB6 /* Images.xcassets */; };
		AE57D00B1A6239FD003A2EB6 /* LaunchScreen.xib in Resources */ = {isa = PBXBuildFile; fileRef = AE57D0091A6239FD003A2EB6 /* LaunchScreen.xib */; };
		AE57D0171A6239FD003A2EB6 /* roboTests.swift in Sources */ = {isa = PBXBuildFile; fileRef = AE57D0161A6239FD003A2EB6 /* roboTests.swift */; };
/* End PBXBuildFile section */

/* Begin PBXContainerItemProxy section */
		AE57D0111A6239FD003A2EB6 /* PBXContainerItemProxy */ = {
			isa = PBXContainerItemProxy;
			containerPortal = AE57CFEE1A6239FC003A2EB6 /* Project object */;
			proxyType = 1;
			remoteGlobalIDString = AE57CFF51A6239FD003A2EB6;
			remoteInfo = robo;
		};
/* End PBXContainerItemProxy section */

/* Begin PBXFileReference section */
		AE57CFF61A6239FD003A2EB6 /* robo.app */ = {isa = PBXFileReference; explicitFileType = wrapper.application; includeInIndex = 0; path = robo.app; sourceTree = BUILT_PRODUCTS_DIR; };
		AE57CFFA1A6239FD003A2EB6 /* Info.plist */ = {isa = PBXFileReference; lastKnownFileType = text.plist.xml; path = Info.plist; sourceTree = "<group>"; };
		AE57CFFB1A6239FD003A2EB6 /* AppDelegate.swift */ = {isa = PBXFileReference; lastKnownFileType = sourcecode.swift; path = AppDelegate.swift; sourceTree = "<group>"; };
		AE57CFFE1A6239FD003A2EB6 /* robo.xcdatamodel */ = {isa = PBXFileReference; lastKnownFileType = wrapper.xcdatamodel; path = robo.xcdatamodel; sourceTree = "<group>"; };
		AE57D0001A6239FD003A2EB6 /* MasterViewController.swift */ = {isa = PBXFileReference; lastKnownFileType = sourcecode.swift; path = MasterViewController.swift; sourceTree = "<group>"; };
		AE57D0021A6239FD003A2EB6 /* DetailViewController.swift */ = {isa = PBXFileReference; lastKnownFileType = sourcecode.swift; path = DetailViewController.swift; sourceTree = "<group>"; };
		AE57D0051A6239FD003A2EB6 /* Base */ = {isa = PBXFileReference; lastKnownFileType = file.storyboard; name = Base; path = Base.lproj/Main.storyboard; sourceTree = "<group>"; };
		AE57D0071A6239FD003A2EB6 /* Images.xcassets */ = {isa = PBXFileReference; lastKnownFileType = folder.assetcatalog; path = Images.xcassets; sourceTree = "<group>"; };
		AE57D00A1A6239FD003A2EB6 /* Base */ = {isa = PBXFileReference; lastKnownFileType = file.xib; name = Base; path = Base.lproj/LaunchScreen.xib; sourceTree = "<group>"; };
		AE57D0101A6239FD003A2EB6 /* roboTests.xctest */ = {isa = PBXFileReference; explicitFileType = wrapper.cfbundle; includeInIndex = 0; path = roboTests.xctest; sourceTree = BUILT_PRODUCTS_DIR; };
		AE57D0151A6239FD003A2EB6 /* Info.plist */ = {isa = PBXFileReference; lastKnownFileType = text.plist.xml; path = Info.plist; sourceTree = "<group>"; };
		AE57D0161A6239FD003A2EB6 /* roboTests.swift */ = {isa = PBXFileReference; lastKnownFileType = sourcecode.swift; path = roboTests.swift; sourceTree = "<group>"; };
/* End PBXFileReference section */

/* Begin PBXFrameworksBuildPhase section */
		AE57CFF31A6239FD003A2EB6 /* Frameworks */ = {
			isa = PBXFrameworksBuildPhase;
			buildActionMask = 2147483647;
			files = (
			);
			runOnlyForDeploymentPostprocessing = 0;
		};
		AE57D00D1A6239FD003A2EB6 /* Frameworks */ = {
			isa = PBXFrameworksBuildPhase;
			buildActionMask = 2147483647;
			files = (
			);
			runOnlyForDeploymentPostprocessing = 0;
		};
/* End PBXFrameworksBuildPhase section */

/* Begin PBXGroup section */
		AE57CFED1A6239FC003A2EB6 = {
			isa = PBXGroup;
			children = (
				AE57CFF81A6239FD003A2EB6 /* robo */,
				AE57D0131A6239FD003A2EB6 /* roboTests */,
				AE57CFF71A6239FD003A2EB6 /* Products */,
			);
			sourceTree = "<group>";
		};
		AE57CFF71A6239FD003A2EB6 /* Products */ = {
			isa = PBXGroup;
			children = (
				AE57CFF61A6239FD003A2EB6 /* robo.app */,
				AE57D0101A6239FD003A2EB6 /* roboTests.xctest */,
			);
			name = Products;
			sourceTree = "<group>";
		};
		AE57CFF81A6239FD003A2EB6 /* robo */ = {
			isa = PBXGroup;
			children = (
				AE57CFFB1A6239FD003A2EB6 /* AppDelegate.swift */,
				AE57D0001A6239FD003A2EB6 /* MasterViewController.swift */,
				AE57D0021A6239FD003A2EB6 /* DetailViewController.swift */,
				AE57D0041A6239FD003A2EB6 /* Main.storyboard */,
				AE57D0071A6239FD003A2EB6 /* Images.xcassets */,
				AE57D0091A6239FD003A2EB6 /* LaunchScreen.xib */,
				AE57CFFD1A6239FD003A2EB6 /* robo.xcdatamodeld */,
				AE57CFF91A6239FD003A2EB6 /* Supporting Files */,
			);
			path = robo;
			sourceTree = "<group>";
		};
		AE57CFF91A6239FD003A2EB6 /* Supporting Files */ = {
			isa = PBXGroup;
			children = (
				AE57CFFA1A6239FD003A2EB6 /* Info.plist */,
			);
			name = "Supporting Files";
			sourceTree = "<group>";
		};
		AE57D0131A6239FD003A2EB6 /* roboTests */ = {
			isa = PBXGroup;
			children = (
				AE57D0161A6239FD003A2EB6 /* roboTests.swift */,
				AE57D0141A6239FD003A2EB6 /* Supporting Files */,
			);
			path = roboTests;
			sourceTree = "<group>";
		};
		AE57D0141A6239FD003A2EB6 /* Supporting Files */ = {
			isa = PBXGroup;
			children = (
				AE57D0151A6239FD003A2EB6 /* Info.plist */,
			);
			name = "Supporting Files";
			sourceTree = "<group>";
		};
/* End PBXGroup section */

/* Begin PBXNativeTarget section */
		AE57CFF51A6239FD003A2EB6 /* robo */ = {
			isa = PBXNativeTarget;
			buildConfigurationList = AE57D01A1A6239FD003A2EB6 /* Build configuration list for PBXNativeTarget "robo" */;
			buildPhases = (
				AE57CFF21A6239FD003A2EB6 /* Sources */,
				AE57CFF31A6239FD003A2EB6 /* Frameworks */,
				AE57CFF41A6239FD003A2EB6 /* Resources */,
			);
			buildRules = (
			);
			dependencies = (
			);
			name = robo;
			productName = robo;
			productReference = AE57CFF61A6239FD003A2EB6 /* robo.app */;
			productType = "com.apple.product-type.application";
		};
		AE57D00F1A6239FD003A2EB6 /* roboTests */ = {
			isa = PBXNativeTarget;
			buildConfigurationList = AE57D01D1A6239FD003A2EB6 /* Build configuration list for PBXNativeTarget "roboTests" */;
			buildPhases = (
				AE57D00C1A6239FD003A2EB6 /* Sources */,
				AE57D00D1A6239FD003A2EB6 /* Frameworks */,
				AE57D00E1A6239FD003A2EB6 /* Resources */,
			);
			buildRules = (
			);
			dependencies = (
				AE57D0121A6239FD003A2EB6 /* PBXTargetDependency */,
			);
			name = roboTests;
			productName = roboTests;
			productReference = AE57D0101A6239FD003A2EB6 /* roboTests.xctest */;
			productType = "com.apple.product-type.bundle.unit-test";
		};
/* End PBXNativeTarget section */

/* Begin PBXProject section */
		AE57CFEE1A6239FC003A2EB6 /* Project object */ = {
			isa = PBXProject;
			attributes = {
				LastUpgradeCheck = 0610;
				ORGANIZATIONNAME = "YUAN LIN";
				TargetAttributes = {
					AE57CFF51A6239FD003A2EB6 = {
						CreatedOnToolsVersion = 6.1;
					};
					AE57D00F1A6239FD003A2EB6 = {
						CreatedOnToolsVersion = 6.1;
						TestTargetID = AE57CFF51A6239FD003A2EB6;
					};
				};
			};
			buildConfigurationList = AE57CFF11A6239FC003A2EB6 /* Build configuration list for PBXProject "robo" */;
			compatibilityVersion = "Xcode 3.2";
			developmentRegion = English;
			hasScannedForEncodings = 0;
			knownRegions = (
				en,
				Base,
			);
			mainGroup = AE57CFED1A6239FC003A2EB6;
			productRefGroup = AE57CFF71A6239FD003A2EB6 /* Products */;
			projectDirPath = "";
			projectRoot = "";
			targets = (
				AE57CFF51A6239FD003A2EB6 /* robo */,
				AE57D00F1A6239FD003A2EB6 /* roboTests */,
			);
		};
/* End PBXProject section */

/* Begin PBXResourcesBuildPhase section */
		AE57CFF41A6239FD003A2EB6 /* Resources */ = {
			isa = PBXResourcesBuildPhase;
			buildActionMask = 2147483647;
			files = (
				AE57D0061A6239FD003A2EB6 /* Main.storyboard in Resources */,
				AE57D00B1A6239FD003A2EB6 /* LaunchScreen.xib in Resources */,
				AE57D0081A6239FD003A2EB6 /* Images.xcassets in Resources */,
			);
			runOnlyForDeploymentPostprocessing = 0;
		};
		AE57D00E1A6239FD003A2EB6 /* Resources */ = {
			isa = PBXResourcesBuildPhase;
			buildActionMask = 2147483647;
			files = (
			);
			runOnlyForDeploymentPostprocessing = 0;
		};
/* End PBXResourcesBuildPhase section */

/* Begin PBXSourcesBuildPhase section */
		AE57CFF21A6239FD003A2EB6 /* Sources */ = {
			isa = PBXSourcesBuildPhase;
			buildActionMask = 2147483647;
			files = (
				AE57CFFC1A6239FD003A2EB6 /* AppDelegate.swift in Sources */,
				AE57CFFF1A6239FD003A2EB6 /* robo.xcdatamodeld in Sources */,
				AE57D0011A6239FD003A2EB6 /* MasterViewController.swift in Sources */,
				AE57D0031A6239FD003A2EB6 /* DetailViewController.swift in Sources */,
			);
			runOnlyForDeploymentPostprocessing = 0;
		};
		AE57D00C1A6239FD003A2EB6 /* Sources */ = {
			isa = PBXSourcesBuildPhase;
			buildActionMask = 2147483647;
			files = (
				AE57D0171A6239FD003A2EB6 /* roboTests.swift in Sources */,
			);
			runOnlyForDeploymentPostprocessing = 0;
		};
/* End PBXSourcesBuildPhase section */

/* Begin PBXTargetDependency section */
		AE57D0121A6239FD003A2EB6 /* PBXTargetDependency */ = {
			isa = PBXTargetDependency;
			target = AE57CFF51A6239FD003A2EB6 /* robo */;
			targetProxy = AE57D0111A6239FD003A2EB6 /* PBXContainerItemProxy */;
		};
/* End PBXTargetDependency section */

/* Begin PBXVariantGroup section */
		AE57D0041A6239FD003A2EB6 /* Main.storyboard */ = {
			isa = PBXVariantGroup;
			children = (
				AE57D0051A6239FD003A2EB6 /* Base */,
			);
			name = Main.storyboard;
			sourceTree = "<group>";
		};
		AE57D0091A6239FD003A2EB6 /* LaunchScreen.xib */ = {
			isa = PBXVariantGroup;
			children = (
				AE57D00A1A6239FD003A2EB6 /* Base */,
			);
			name = LaunchScreen.xib;
			sourceTree = "<group>";
		};
/* End PBXVariantGroup section */

/* Begin XCBuildConfiguration section */
		AE57D0181A6239FD003A2EB6 /* Debug */ = {
			isa = XCBuildConfiguration;
			buildSettings = {
				ALWAYS_SEARCH_USER_PATHS = NO;
				CLANG_CXX_LANGUAGE_STANDARD = "gnu++0x";
				CLANG_CXX_LIBRARY = "libc++";
				CLANG_ENABLE_MODULES = YES;
				CLANG_ENABLE_OBJC_ARC = YES;
				CLANG_WARN_BOOL_CONVERSION = YES;
				CLANG_WARN_CONSTANT_CONVERSION = YES;
				CLANG_WARN_DIRECT_OBJC_ISA_USAGE = YES_ERROR;
				CLANG_WARN_EMPTY_BODY = YES;
				CLANG_WARN_ENUM_CONVERSION = YES;
				CLANG_WARN_INT_CONVERSION = YES;
				CLANG_WARN_OBJC_ROOT_CLASS = YES_ERROR;
				CLANG_WARN_UNREACHABLE_CODE = YES;
				CLANG_WARN__DUPLICATE_METHOD_MATCH = YES;
				"CODE_SIGN_IDENTITY[sdk=iphoneos*]" = "iPhone Developer";
				COPY_PHASE_STRIP = NO;
				ENABLE_STRICT_OBJC_MSGSEND = YES;
				GCC_C_LANGUAGE_STANDARD = gnu99;
				GCC_DYNAMIC_NO_PIC = NO;
				GCC_OPTIMIZATION_LEVEL = 0;
				GCC_PREPROCESSOR_DEFINITIONS = (
					"DEBUG=1",
					"$(inherited)",
				);
				GCC_SYMBOLS_PRIVATE_EXTERN = NO;
				GCC_WARN_64_TO_32_BIT_CONVERSION = YES;
				GCC_WARN_ABOUT_RETURN_TYPE = YES_ERROR;
				GCC_WARN_UNDECLARED_SELECTOR = YES;
				GCC_WARN_UNINITIALIZED_AUTOS = YES_AGGRESSIVE;
				GCC_WARN_UNUSED_FUNCTION = YES;
				GCC_WARN_UNUSED_VARIABLE = YES;
				IPHONEOS_DEPLOYMENT_TARGET = 8.1;
				MTL_ENABLE_DEBUG_INFO = YES;
				ONLY_ACTIVE_ARCH = YES;
				SDKROOT = iphoneos;
				SWIFT_OPTIMIZATION_LEVEL = "-Onone";
			};
			name = Debug;
		};
		AE57D0191A6239FD003A2EB6 /* Release */ = {
			isa = XCBuildConfiguration;
			buildSettings = {
				ALWAYS_SEARCH_USER_PATHS = NO;
				CLANG_CXX_LANGUAGE_STANDARD = "gnu++0x";
				CLANG_CXX_LIBRARY = "libc++";
				CLANG_ENABLE_MODULES = YES;
				CLANG_ENABLE_OBJC_ARC = YES;
				CLANG_WARN_BOOL_CONVERSION = YES;
				CLANG_WARN_CONSTANT_CONVERSION = YES;
				CLANG_WARN_DIRECT_OBJC_ISA_USAGE = YES_ERROR;
				CLANG_WARN_EMPTY_BODY = YES;
				CLANG_WARN_ENUM_CONVERSION = YES;
				CLANG_WARN_INT_CONVERSION = YES;
				CLANG_WARN_OBJC_ROOT_CLASS = YES_ERROR;
				CLANG_WARN_UNREACHABLE_CODE = YES;
				CLANG_WARN__DUPLICATE_METHOD_MATCH = YES;
				"CODE_SIGN_IDENTITY[sdk=iphoneos*]" = "iPhone Developer";
				COPY_PHASE_STRIP = YES;
				ENABLE_NS_ASSERTIONS = NO;
				ENABLE_STRICT_OBJC_MSGSEND = YES;
				GCC_C_LANGUAGE_STANDARD = gnu99;
				GCC_WARN_64_TO_32_BIT_CONVERSION = YES;
				GCC_WARN_ABOUT_RETURN_TYPE = YES_ERROR;
				GCC_WARN_UNDECLARED_SELECTOR = YES;
				GCC_WARN_UNINITIALIZED_AUTOS = YES_AGGRESSIVE;
				GCC_WARN_UNUSED_FUNCTION = YES;
				GCC_WARN_UNUSED_VARIABLE = YES;
				IPHONEOS_DEPLOYMENT_TARGET = 8.1;
				MTL_ENABLE_DEBUG_INFO = NO;
				SDKROOT = iphoneos;
				VALIDATE_PRODUCT = YES;
			};
			name = Release;
		};
		AE57D01B1A6239FD003A2EB6 /* Debug */ = {
			isa = XCBuildConfiguration;
			buildSettings = {
				ASSETCATALOG_COMPILER_APPICON_NAME = AppIcon;
				INFOPLIST_FILE = robo/Info.plist;
				LD_RUNPATH_SEARCH_PATHS = "$(inherited) @executable_path/Frameworks";
				PRODUCT_NAME = "$(TARGET_NAME)";
			};
			name = Debug;
		};
		AE57D01C1A6239FD003A2EB6 /* Release */ = {
			isa = XCBuildConfiguration;
			buildSettings = {
				ASSETCATALOG_COMPILER_APPICON_NAME = AppIcon;
				INFOPLIST_FILE = robo/Info.plist;
				LD_RUNPATH_SEARCH_PATHS = "$(inherited) @executable_path/Frameworks";
				PRODUCT_NAME = "$(TARGET_NAME)";
			};
			name = Release;
		};
		AE57D01E1A6239FD003A2EB6 /* Debug */ = {
			isa = XCBuildConfiguration;
			buildSettings = {
				BUNDLE_LOADER = "$(TEST_HOST)";
				FRAMEWORK_SEARCH_PATHS = (
					"$(SDKROOT)/Developer/Library/Frameworks",
					"$(inherited)",
				);
				GCC_PREPROCESSOR_DEFINITIONS = (
					"DEBUG=1",
					"$(inherited)",
				);
				INFOPLIST_FILE = roboTests/Info.plist;
				LD_RUNPATH_SEARCH_PATHS = "$(inherited) @executable_path/Frameworks @loader_path/Frameworks";
				PRODUCT_NAME = "$(TARGET_NAME)";
				TEST_HOST = "$(BUILT_PRODUCTS_DIR)/robo.app/robo";
			};
			name = Debug;
		};
		AE57D01F1A6239FD003A2EB6 /* Release */ = {
			isa = XCBuildConfiguration;
			buildSettings = {
				BUNDLE_LOADER = "$(TEST_HOST)";
				FRAMEWORK_SEARCH_PATHS = (
					"$(SDKROOT)/Developer/Library/Frameworks",
					"$(inherited)",
				);
				INFOPLIST_FILE = roboTests/Info.plist;
				LD_RUNPATH_SEARCH_PATHS = "$(inherited) @executable_path/Frameworks @loader_path/Frameworks";
				PRODUCT_NAME = "$(TARGET_NAME)";
				TEST_HOST = "$(BUILT_PRODUCTS_DIR)/robo.app/robo";
			};
			name = Release;
		};
/* End XCBuildConfiguration section */

/* Begin XCConfigurationList section */
		AE57CFF11A6239FC003A2EB6 /* Build configuration list for PBXProject "robo" */ = {
			isa = XCConfigurationList;
			buildConfigurations = (
				AE57D0181A6239FD003A2EB6 /* Debug */,
				AE57D0191A6239FD003A2EB6 /* Release */,
			);
			defaultConfigurationIsVisible = 0;
			defaultConfigurationName = Release;
		};
		AE57D01A1A6239FD003A2EB6 /* Build configuration list for PBXNativeTarget "robo" */ = {
			isa = XCConfigurationList;
			buildConfigurations = (
				AE57D01B1A6239FD003A2EB6 /* Debug */,
				AE57D01C1A6239FD003A2EB6 /* Release */,
			);
			defaultConfigurationIsVisible = 0;
			defaultConfigurationName = Release;
		};
		AE57D01D1A6239FD003A2EB6 /* Build configuration list for PBXNativeTarget "roboTests" */ = {
			isa = XCConfigurationList;
			buildConfigurations = (
				AE57D01E1A6239FD003A2EB6 /* Debug */,
				AE57D01F1A6239FD003A2EB6 /* Release */,
			);
			defaultConfigurationIsVisible = 0;
			defaultConfigurationName = Release;
		};
/* End XCConfigurationList section */

/* Begin XCVersionGroup section */
		AE57CFFD1A6239FD003A2EB6 /* robo.xcdatamodeld */ = {
			isa = XCVersionGroup;
			children = (
				AE57CFFE1A6239FD003A2EB6 /* robo.xcdatamodel */,
			);
			currentVersion = AE57CFFE1A6239FD003A2EB6 /* robo.xcdatamodel */;
			path = robo.xcdatamodeld;
			sourceTree = "<group>";
			versionGroupType = wrapper.xcdatamodel;
		};
/* End XCVersionGroup section */
	};
	rootObject = AE57CFEE1A6239FC003A2EB6 /* Project object */;
}
